hash: 8542f2c1f338cde35698618cfbfa564fcbdbc51917841cfcfe856a01f1880f86
updated: 2018-07-11T11:03:09.5821036+09:00
imports:
- name: github.com/ghodss/yaml
  version: 0ca9ea5df5451ffdf184b4428c902747c2c11cd7
- name: github.com/inconshreveable/mousetrap
  version: 76626ae9c91c4f2a10f34cad8ce83ea42c93bb75
- name: github.com/spf13/cobra
  version: 615425954c3b0d9485a7027d4d451fdcdfdee84e
- name: github.com/spf13/pflag
  version: 583c0c0531f06d5278b7d917446061adc344b5cd
- name: gopkg.in/yaml.v2
  version: 5420a8b6744d3b0345ab293f6fcba19c978f1183
testImports: []
